{
  "name": "parse-any-analytics",
  "version": "1.0.0",
  "lockfileVersion": 2,
  "requires": true,
  "packages": {
    "": {
      "version": "1.0.0",
      "license": "GNU",
      "dependencies": {
        "analytics": "^0.7.21"
      }
    },
    "node_modules/@analytics/cookie-utils": {
      "version": "0.2.8",
      "resolved": "https://registry.npmjs.org/@analytics/cookie-utils/-/cookie-utils-0.2.8.tgz",
      "integrity": "sha512-m6AaitiTKxiUgsux9/g0sD4MfDpzWbYnCb3dYos4mBMzlN1WFzQo0Ox1QmGFvtydl8Nb5Zwj5uIdVPUbFNSWXw==",
      "dependencies": {
        "@analytics/global-storage-utils": "^0.1.3"
      }
    },
    "node_modules/@analytics/core": {
      "version": "0.10.21",
      "resolved": "https://registry.npmjs.org/@analytics/core/-/core-0.10.21.tgz",
      "integrity": "sha512-qdnqci07+c/4wU1amVVpDTS4qeMBT04qaYNLa6lr+QgMiWh6RkxNpDyialDYzjFgxBrUa/1IuQEj9N53qtd/Pw==",
      "funding": [
        {
          "type": "GitHub Sponsors",
          "url": "https://github.com/sponsors/davidwells"
        }
      ],
      "dependencies": {
        "@analytics/global-storage-utils": "^0.1.3",
        "@analytics/type-utils": "^0.5.3",
        "analytics-utils": "^1.0.8"
      }
    },
    "node_modules/@analytics/global-storage-utils": {
      "version": "0.1.3",
      "resolved": "https://registry.npmjs.org/@analytics/global-storage-utils/-/global-storage-utils-0.1.3.tgz",
      "integrity": "sha512-0XXWFxguiU0S4MyLScbgIRjXlrw6XpzhTFaTd5NCxOP1ZzUEONbiDEbFCtoUIqIQXaeXDvKBF9Aro3M/ITN75Q=="
    },
    "node_modules/@analytics/localstorage-utils": {
      "version": "0.1.6",
      "resolved": "https://registry.npmjs.org/@analytics/localstorage-utils/-/localstorage-utils-0.1.6.tgz",
      "integrity": "sha512-SdlXnqmaF6FRMeuLnuHqxGjl5AcHez/ORvIrYN0v2kdDVik/oWlnwlZYexBCk8pCZReLnL21KJ6zz9bfQ7fPKw==",
      "dependencies": {
        "@analytics/global-storage-utils": "^0.1.3"
      }
    },
    "node_modules/@analytics/storage-utils": {
      "version": "0.2.17",
      "resolved": "https://registry.npmjs.org/@analytics/storage-utils/-/storage-utils-0.2.17.tgz",
      "integrity": "sha512-eJvyvqqeQh/YMOGkPzW8YC79H73ADKKU32ocZTREgkaUWv2Hd9vpt5MYErCWXeMMcWCy5DtzNTke062AGboq1w==",
      "dependencies": {
        "@analytics/cookie-utils": "^0.2.8",
        "@analytics/global-storage-utils": "^0.1.3",
        "@analytics/localstorage-utils": "^0.1.6",
        "@analytics/type-utils": "^0.5.3"
      }
    },
    "node_modules/@analytics/type-utils": {
      "version": "0.5.3",
      "resolved": "https://registry.npmjs.org/@analytics/type-utils/-/type-utils-0.5.3.tgz",
      "integrity": "sha512-45IYy7vqh8W3p07MGGGVDdRTd1codcAJZ8USWA63IfS3EEAmL33fI7AI4SvNN7wVdIFdJv17ZbFBmDT6H+rt8g=="
    },
    "node_modules/@types/dlv": {
      "version": "1.1.2",
      "resolved": "https://registry.npmjs.org/@types/dlv/-/dlv-1.1.2.tgz",
      "integrity": "sha512-OyiZ3jEKu7RtGO1yp9oOdK0cTwZ/10oE9PDJ6fyN3r9T5wkyOcvr6awdugjYdqF6KVO5eUvt7jx7rk2Eylufow==",
      "peer": true
    },
    "node_modules/analytics": {
      "version": "0.7.21",
      "resolved": "https://registry.npmjs.org/analytics/-/analytics-0.7.21.tgz",
      "integrity": "sha512-3WS0IFaHgYkvSVebrg3i2IBh8rP41b4VHr/4suWweRA3FGYJu+BSGTnkiF+qBBzrfbX1+2rkTYygZyRb3wsUQA==",
      "funding": [
        {
          "type": "GitHub Sponsors",
          "url": "https://github.com/sponsors/davidwells"
        }
      ],
      "dependencies": {
        "@analytics/core": "^0.10.21",
        "@analytics/storage-utils": "^0.2.17"
      }
    },
    "node_modules/analytics-utils": {
      "version": "1.0.8",
      "resolved": "https://registry.npmjs.org/analytics-utils/-/analytics-utils-1.0.8.tgz",
      "integrity": "sha512-N+bYSDzJ8smu7vkcG/HV7wI042Vf/ORDUpCCzW3D2PAkDtpIvCVe4QXMNh9OXXi4EZjDPd6zP3JNcOC9RAvBJA==",
      "dependencies": {
        "@analytics/type-utils": "^0.5.3",
        "dlv": "^1.1.3"
      },
      "peerDependencies": {
        "@types/dlv": "^1.0.0"
      }
    },
    "node_modules/dlv": {
      "version": "1.1.3",
      "resolved": "https://registry.npmjs.org/dlv/-/dlv-1.1.3.tgz",
      "integrity": "sha512-+HlytyjlPKnIG8XuRG8WvmBP8xs8P71y+SKKS6ZXWoEgLuePxtDoUEiH7WkdePWrQ5JBpE6aoVqfZfJUQkjXwA=="
    }
  },
  "dependencies": {
    "@analytics/cookie-utils": {
      "version": "0.2.8",
      "resolved": "https://registry.npmjs.org/@analytics/cookie-utils/-/cookie-utils-0.2.8.tgz",
      "integrity": "sha512-m6AaitiTKxiUgsux9/g0sD4MfDpzWbYnCb3dYos4mBMzlN1WFzQo0Ox1QmGFvtydl8Nb5Zwj5uIdVPUbFNSWXw==",
      "requires": {
        "@analytics/global-storage-utils": "^0.1.3"
      }
    },
    "@analytics/core": {
      "version": "0.10.21",
      "resolved": "https://registry.npmjs.org/@analytics/core/-/core-0.10.21.tgz",
      "integrity": "sha512-qdnqci07+c/4wU1amVVpDTS4qeMBT04qaYNLa6lr+QgMiWh6RkxNpDyialDYzjFgxBrUa/1IuQEj9N53qtd/Pw==",
      "requires": {
        "@analytics/global-storage-utils": "^0.1.3",
        "@analytics/type-utils": "^0.5.3",
        "analytics-utils": "^1.0.8"
      }
    },
    "@analytics/global-storage-utils": {
      "version": "0.1.3",
      "resolved": "https://registry.npmjs.org/@analytics/global-storage-utils/-/global-storage-utils-0.1.3.tgz",
      "integrity": "sha512-0XXWFxguiU0S4MyLScbgIRjXlrw6XpzhTFaTd5NCxOP1ZzUEONbiDEbFCtoUIqIQXaeXDvKBF9Aro3M/ITN75Q=="
    },
    "@analytics/localstorage-utils": {
      "version": "0.1.6",
      "resolved": "https://registry.npmjs.org/@analytics/localstorage-utils/-/localstorage-utils-0.1.6.tgz",
      "integrity": "sha512-SdlXnqmaF6FRMeuLnuHqxGjl5AcHez/ORvIrYN0v2kdDVik/oWlnwlZYexBCk8pCZReLnL21KJ6zz9bfQ7fPKw==",
      "requires": {
        "@analytics/global-storage-utils": "^0.1.3"
      }
    },
    "@analytics/storage-utils": {
      "version": "0.2.17",
      "resolved": "https://registry.npmjs.org/@analytics/storage-utils/-/storage-utils-0.2.17.tgz",
      "integrity": "sha512-eJvyvqqeQh/YMOGkPzW8YC79H73ADKKU32ocZTREgkaUWv2Hd9vpt5MYErCWXeMMcWCy5DtzNTke062AGboq1w==",
      "requires": {
        "@analytics/cookie-utils": "^0.2.8",
        "@analytics/global-storage-utils": "^0.1.3",
        "@analytics/localstorage-utils": "^0.1.6",
        "@analytics/type-utils": "^0.5.3"
      }
    },
    "@analytics/type-utils": {
      "version": "0.5.3",
      "resolved": "https://registry.npmjs.org/@analytics/type-utils/-/type-utils-0.5.3.tgz",
      "integrity": "sha512-45IYy7vqh8W3p07MGGGVDdRTd1codcAJZ8USWA63IfS3EEAmL33fI7AI4SvNN7wVdIFdJv17ZbFBmDT6H+rt8g=="
    },
    "@types/dlv": {
      "version": "1.1.2",
      "resolved": "https://registry.npmjs.org/@types/dlv/-/dlv-1.1.2.tgz",
      "integrity": "sha512-OyiZ3jEKu7RtGO1yp9oOdK0cTwZ/10oE9PDJ6fyN3r9T5wkyOcvr6awdugjYdqF6KVO5eUvt7jx7rk2Eylufow==",
      "peer": true
    },
    "analytics": {
      "version": "0.7.21",
      "resolved": "https://registry.npmjs.org/analytics/-/analytics-0.7.21.tgz",
      "integrity": "sha512-3WS0IFaHgYkvSVebrg3i2IBh8rP41b4VHr/4suWweRA3FGYJu+BSGTnkiF+qBBzrfbX1+2rkTYygZyRb3wsUQA==",
      "requires": {
        "@analytics/core": "^0.10.21",
        "@analytics/storage-utils": "^0.2.17"
      }
    },
    "analytics-utils": {
      "version": "1.0.8",
      "resolved": "https://registry.npmjs.org/analytics-utils/-/analytics-utils-1.0.8.tgz",
      "integrity": "sha512-N+bYSDzJ8smu7vkcG/HV7wI042Vf/ORDUpCCzW3D2PAkDtpIvCVe4QXMNh9OXXi4EZjDPd6zP3JNcOC9RAvBJA==",
      "requires": {
        "@analytics/type-utils": "^0.5.3",
        "dlv": "^1.1.3"
      }
    },
    "dlv": {
      "version": "1.1.3",
      "resolved": "https://registry.npmjs.org/dlv/-/dlv-1.1.3.tgz",
      "integrity": "sha512-+HlytyjlPKnIG8XuRG8WvmBP8xs8P71y+SKKS6ZXWoEgLuePxtDoUEiH7WkdePWrQ5JBpE6aoVqfZfJUQkjXwA=="
    }
  }
}
